
Microsoft Visual Studio Solution File, Format Version 12.00
# Visual Studio Version 17
VisualStudioVersion = 17.5.002.0
MinimumVisualStudioVersion = 10.0.40219.1
Project("{9A19103F-16F7-4668-BE54-9A1E7A4F7556}") = "API", "API\API.csproj", "{CC41DBA8-9590-4DEB-B8E4-01C8BF2C9AC8}"
EndProject
Global
	GlobalSection(SolutionConfigurationPlatforms) = preSolution
		Debug|Any CPU = Debug|Any CPU
		Release|Any CPU = Release|Any CPU
	EndGlobalSection
	GlobalSection(ProjectConfigurationPlatforms) = postSolution
		{CC41DBA8-9590-4DEB-B8E4-01C8BF2C9AC8}.Debug|Any CPU.ActiveCfg = Debug|Any CPU
		{CC41DBA8-9590-4DEB-B8E4-01C8BF2C9AC8}.Debug|Any CPU.Build.0 = Debug|Any CPU
		{CC41DBA8-9590-4DEB-B8E4-01C8BF2C9AC8}.Release|Any CPU.ActiveCfg = Release|Any CPU
		{CC41DBA8-9590-4DEB-B8E4-01C8BF2C9AC8}.Release|Any CPU.Build.0 = Release|Any CPU
	EndGlobalSection
	GlobalSection(SolutionProperties) = preSolution
		HideSolutionNode = FALSE
	EndGlobalSection
	GlobalSection(ExtensibilityGlobals) = postSolution
		SolutionGuid = {BD04F577-BD10-437B-92B9-AF5458D6299C}
	EndGlobalSection
EndGlobal
